
Microsoft Visual Studio Solution File, Format Version 12.00
# Visual Studio 15
VisualStudioVersion = 15.0.26430.4
MinimumVisualStudioVersion = 10.0.40219.1
Project("{FAE04EC0-301F-11D3-BF4B-00C04F79EFBC}") = "Hangon", "Hangon\Hangon.csproj", "{BD98DE9B-FBCB-40B5-AF02-44062112621B}"
EndProject
Project("{FAE04EC0-301F-11D3-BF4B-00C04F79EFBC}") = "Tasks", "Tasks\Tasks.csproj", "{A99DC287-428F-4CDE-9140-F3B64B62E7FA}"
EndProject
Global
	GlobalSection(SolutionConfigurationPlatforms) = preSolution
		Debug|Any CPU = Debug|Any CPU
		Debug|ARM = Debug|ARM
		Debug|x64 = Debug|x64
		Debug|x86 = Debug|x86
		Release|Any CPU = Release|Any CPU
		Release|ARM = Release|ARM
		Release|x64 = Release|x64
		Release|x86 = Release|x86
	EndGlobalSection
	GlobalSection(ProjectConfigurationPlatforms) = postSolution
		{BD98DE9B-FBCB-40B5-AF02-44062112621B}.Debug|Any CPU.ActiveCfg = Debug|x86
		{BD98DE9B-FBCB-40B5-AF02-44062112621B}.Debug|ARM.ActiveCfg = Debug|ARM
		{BD98DE9B-FBCB-40B5-AF02-44062112621B}.Debug|ARM.Build.0 = Debug|ARM
		{BD98DE9B-FBCB-40B5-AF02-44062112621B}.Debug|ARM.Deploy.0 = Debug|ARM
		{BD98DE9B-FBCB-40B5-AF02-44062112621B}.Debug|x64.ActiveCfg = Debug|x64
		{BD98DE9B-FBCB-40B5-AF02-44062112621B}.Debug|x64.Build.0 = Debug|x64
		{BD98DE9B-FBCB-40B5-AF02-44062112621B}.Debug|x64.Deploy.0 = Debug|x64
		{BD98DE9B-FBCB-40B5-AF02-44062112621B}.Debug|x86.ActiveCfg = Debug|x86
		{BD98DE9B-FBCB-40B5-AF02-44062112621B}.Debug|x86.Build.0 = Debug|x86
		{BD98DE9B-FBCB-40B5-AF02-44062112621B}.Debug|x86.Deploy.0 = Debug|x86
		{BD98DE9B-FBCB-40B5-AF02-44062112621B}.Release|Any CPU.ActiveCfg = Release|x86
		{BD98DE9B-FBCB-40B5-AF02-44062112621B}.Release|ARM.ActiveCfg = Release|ARM
		{BD98DE9B-FBCB-40B5-AF02-44062112621B}.Release|ARM.Build.0 = Release|ARM
		{BD98DE9B-FBCB-40B5-AF02-44062112621B}.Release|ARM.Deploy.0 = Release|ARM
		{BD98DE9B-FBCB-40B5-AF02-44062112621B}.Release|x64.ActiveCfg = Release|x64
		{BD98DE9B-FBCB-40B5-AF02-44062112621B}.Release|x64.Build.0 = Release|x64
		{BD98DE9B-FBCB-40B5-AF02-44062112621B}.Release|x64.Deploy.0 = Release|x64
		{BD98DE9B-FBCB-40B5-AF02-44062112621B}.Release|x86.ActiveCfg = Release|x86
		{BD98DE9B-FBCB-40B5-AF02-44062112621B}.Release|x86.Build.0 = Release|x86
		{BD98DE9B-FBCB-40B5-AF02-44062112621B}.Release|x86.Deploy.0 = Release|x86
		{A99DC287-428F-4CDE-9140-F3B64B62E7FA}.Debug|Any CPU.ActiveCfg = Debug|Any CPU
		{A99DC287-428F-4CDE-9140-F3B64B62E7FA}.Debug|Any CPU.Build.0 = Debug|Any CPU
		{A99DC287-428F-4CDE-9140-F3B64B62E7FA}.Debug|ARM.ActiveCfg = Debug|ARM
		{A99DC287-428F-4CDE-9140-F3B64B62E7FA}.Debug|ARM.Build.0 = Debug|ARM
		{A99DC287-428F-4CDE-9140-F3B64B62E7FA}.Debug|x64.ActiveCfg = Debug|x64
		{A99DC287-428F-4CDE-9140-F3B64B62E7FA}.Debug|x64.Build.0 = Debug|x64
		{A99DC287-428F-4CDE-9140-F3B64B62E7FA}.Debug|x86.ActiveCfg = Debug|x86
		{A99DC287-428F-4CDE-9140-F3B64B62E7FA}.Debug|x86.Build.0 = Debug|x86
		{A99DC287-428F-4CDE-9140-F3B64B62E7FA}.Release|Any CPU.ActiveCfg = Release|Any CPU
		{A99DC287-428F-4CDE-9140-F3B64B62E7FA}.Release|Any CPU.Build.0 = Release|Any CPU
		{A99DC287-428F-4CDE-9140-F3B64B62E7FA}.Release|ARM.ActiveCfg = Release|ARM
		{A99DC287-428F-4CDE-9140-F3B64B62E7FA}.Release|ARM.Build.0 = Release|ARM
		{A99DC287-428F-4CDE-9140-F3B64B62E7FA}.Release|x64.ActiveCfg = Release|x64
		{A99DC287-428F-4CDE-9140-F3B64B62E7FA}.Release|x64.Build.0 = Release|x64
		{A99DC287-428F-4CDE-9140-F3B64B62E7FA}.Release|x86.ActiveCfg = Release|x86
		{A99DC287-428F-4CDE-9140-F3B64B62E7FA}.Release|x86.Build.0 = Release|x86
	EndGlobalSection
	GlobalSection(SolutionProperties) = preSolution
		HideSolutionNode = FALSE
	EndGlobalSection
EndGlobal
